
Microsoft Visual Studio Solution File, Format Version 12.00
# Visual Studio Version 16
VisualStudioVersion = 16.0.31515.178
MinimumVisualStudioVersion = 10.0.40219.1
Project("{FAE04EC0-301F-11D3-BF4B-00C04F79EFBC}") = "WebApplication30.Server", "WebApplication30\Server\WebApplication30.Server.csproj", "{F25AC5DC-B187-4EE1-8C66-058D23633F50}"
EndProject
Project("{FAE04EC0-301F-11D3-BF4B-00C04F79EFBC}") = "WebApplication30.Client", "WebApplication30\Client\WebApplication30.Client.csproj", "{A791A9EE-8820-4857-A823-698B8AE4D330}"
EndProject
Project("{FAE04EC0-301F-11D3-BF4B-00C04F79EFBC}") = "WebApplication30.Shared", "WebApplication30\Shared\WebApplication30.Shared.csproj", "{2226C32E-CD4A-46DA-9B18-26DFD3D741C9}"
EndProject
Global
	GlobalSection(SolutionConfigurationPlatforms) = preSolution
		Debug|Any CPU = Debug|Any CPU
		Release|Any CPU = Release|Any CPU
	EndGlobalSection
	GlobalSection(ProjectConfigurationPlatforms) = postSolution
		{F25AC5DC-B187-4EE1-8C66-058D23633F50}.Debug|Any CPU.ActiveCfg = Debug|Any CPU
		{F25AC5DC-B187-4EE1-8C66-058D23633F50}.Debug|Any CPU.Build.0 = Debug|Any CPU
		{F25AC5DC-B187-4EE1-8C66-058D23633F50}.Release|Any CPU.ActiveCfg = Release|Any CPU
		{F25AC5DC-B187-4EE1-8C66-058D23633F50}.Release|Any CPU.Build.0 = Release|Any CPU
		{A791A9EE-8820-4857-A823-698B8AE4D330}.Debug|Any CPU.ActiveCfg = Debug|Any CPU
		{A791A9EE-8820-4857-A823-698B8AE4D330}.Debug|Any CPU.Build.0 = Debug|Any CPU
		{A791A9EE-8820-4857-A823-698B8AE4D330}.Release|Any CPU.ActiveCfg = Release|Any CPU
		{A791A9EE-8820-4857-A823-698B8AE4D330}.Release|Any CPU.Build.0 = Release|Any CPU
		{2226C32E-CD4A-46DA-9B18-26DFD3D741C9}.Debug|Any CPU.ActiveCfg = Debug|Any CPU
		{2226C32E-CD4A-46DA-9B18-26DFD3D741C9}.Debug|Any CPU.Build.0 = Debug|Any CPU
		{2226C32E-CD4A-46DA-9B18-26DFD3D741C9}.Release|Any CPU.ActiveCfg = Release|Any CPU
		{2226C32E-CD4A-46DA-9B18-26DFD3D741C9}.Release|Any CPU.Build.0 = Release|Any CPU
	EndGlobalSection
	GlobalSection(SolutionProperties) = preSolution
		HideSolutionNode = FALSE
	EndGlobalSection
	GlobalSection(ExtensibilityGlobals) = postSolution
		SolutionGuid = {18601E7E-4A58-4AC0-A521-D876F7233836}
	EndGlobalSection
EndGlobal
